
Microsoft Visual Studio Solution File, Format Version 12.00
# Visual Studio Version 16
VisualStudioVersion = 16.0.30114.105
MinimumVisualStudioVersion = 10.0.40219.1
Project("{FAE04EC0-301F-11D3-BF4B-00C04F79EFBC}") = "Tests", "Tests\Tests.csproj", "{F315B3B5-A7C7-4BE4-8A85-50385B905CD1}"
EndProject
Project("{FAE04EC0-301F-11D3-BF4B-00C04F79EFBC}") = "CreatureWars", "src\CreatureWars.csproj", "{C9E4F584-4883-47F9-A58C-ABFC08029DB6}"
EndProject
Project("{FAE04EC0-301F-11D3-BF4B-00C04F79EFBC}") = "CmsAPI", "CmsAPI\CmsAPI.csproj", "{EFFCD32D-6840-49A5-8A90-576030F2E9D9}"
EndProject
Project("{FAE04EC0-301F-11D3-BF4B-00C04F79EFBC}") = "GameDatabase", "GameDatabase\GameDatabase.csproj", "{0485F0F0-EFC2-42A2-BE4A-E85EAD4B8C3B}"
EndProject
Global
	GlobalSection(SolutionConfigurationPlatforms) = preSolution
		Debug|Any CPU = Debug|Any CPU
		Release|Any CPU = Release|Any CPU
	EndGlobalSection
	GlobalSection(SolutionProperties) = preSolution
		HideSolutionNode = FALSE
	EndGlobalSection
	GlobalSection(ProjectConfigurationPlatforms) = postSolution
		{F315B3B5-A7C7-4BE4-8A85-50385B905CD1}.Debug|Any CPU.ActiveCfg = Debug|Any CPU
		{F315B3B5-A7C7-4BE4-8A85-50385B905CD1}.Debug|Any CPU.Build.0 = Debug|Any CPU
		{F315B3B5-A7C7-4BE4-8A85-50385B905CD1}.Release|Any CPU.ActiveCfg = Release|Any CPU
		{F315B3B5-A7C7-4BE4-8A85-50385B905CD1}.Release|Any CPU.Build.0 = Release|Any CPU
		{C9E4F584-4883-47F9-A58C-ABFC08029DB6}.Debug|Any CPU.ActiveCfg = Debug|Any CPU
		{C9E4F584-4883-47F9-A58C-ABFC08029DB6}.Debug|Any CPU.Build.0 = Debug|Any CPU
		{C9E4F584-4883-47F9-A58C-ABFC08029DB6}.Release|Any CPU.ActiveCfg = Release|Any CPU
		{C9E4F584-4883-47F9-A58C-ABFC08029DB6}.Release|Any CPU.Build.0 = Release|Any CPU
		{EFFCD32D-6840-49A5-8A90-576030F2E9D9}.Debug|Any CPU.ActiveCfg = Debug|Any CPU
		{EFFCD32D-6840-49A5-8A90-576030F2E9D9}.Debug|Any CPU.Build.0 = Debug|Any CPU
		{EFFCD32D-6840-49A5-8A90-576030F2E9D9}.Release|Any CPU.ActiveCfg = Release|Any CPU
		{EFFCD32D-6840-49A5-8A90-576030F2E9D9}.Release|Any CPU.Build.0 = Release|Any CPU
		{0485F0F0-EFC2-42A2-BE4A-E85EAD4B8C3B}.Debug|Any CPU.ActiveCfg = Debug|Any CPU
		{0485F0F0-EFC2-42A2-BE4A-E85EAD4B8C3B}.Debug|Any CPU.Build.0 = Debug|Any CPU
		{0485F0F0-EFC2-42A2-BE4A-E85EAD4B8C3B}.Release|Any CPU.ActiveCfg = Release|Any CPU
		{0485F0F0-EFC2-42A2-BE4A-E85EAD4B8C3B}.Release|Any CPU.Build.0 = Release|Any CPU
	EndGlobalSection
EndGlobal
